// !$*UTF8*$!
{
	archiveVersion = 1;
	classes = {
	};
	objectVersion = 56;
	objects = {

/* Begin PBXBuildFile section */
		C71A6F372D30119300D25974 /* CrptoAPPApp.swift in Sources */ = {isa = PBXBuildFile; fileRef = C71A6F362D30119300D25974 /* CrptoAPPApp.swift */; };
		C71A6F392D30119300D25974 /* ContentView.swift in Sources */ = {isa = PBXBuildFile; fileRef = C71A6F382D30119300D25974 /* ContentView.swift */; };
		C71A6F3B2D30119500D25974 /* Assets.xcassets in Resources */ = {isa = PBXBuildFile; fileRef = C71A6F3A2D30119500D25974 /* Assets.xcassets */; };
		C71A6F3E2D30119500D25974 /* Preview Assets.xcassets in Resources */ = {isa = PBXBuildFile; fileRef = C71A6F3D2D30119500D25974 /* Preview Assets.xcassets */; };
		C71A6F402D30119500D25974 /* Persistence.swift in Sources */ = {isa = PBXBuildFile; fileRef = C71A6F3F2D30119500D25974 /* Persistence.swift */; };
		C71A6F432D30119500D25974 /* CrptoAPP.xcdatamodeld in Sources */ = {isa = PBXBuildFile; fileRef = C71A6F412D30119500D25974 /* CrptoAPP.xcdatamodeld */; };
		C71A6F4D2D30119500D25974 /* CrptoAPPTests.swift in Sources */ = {isa = PBXBuildFile; fileRef = C71A6F4C2D30119500D25974 /* CrptoAPPTests.swift */; };
		C71A6F572D30119500D25974 /* CrptoAPPUITests.swift in Sources */ = {isa = PBXBuildFile; fileRef = C71A6F562D30119500D25974 /* CrptoAPPUITests.swift */; };
		C71A6F592D30119500D25974 /* CrptoAPPUITestsLaunchTests.swift in Sources */ = {isa = PBXBuildFile; fileRef = C71A6F582D30119500D25974 /* CrptoAPPUITestsLaunchTests.swift */; };
		C71A6F672D319DB600D25974 /* Color.swift in Sources */ = {isa = PBXBuildFile; fileRef = C71A6F662D319DB600D25974 /* Color.swift */; };
		C71A6F6D2D31A32100D25974 /* HomeView.swift in Sources */ = {isa = PBXBuildFile; fileRef = C71A6F6C2D31A32100D25974 /* HomeView.swift */; };
		C7DCFFB72D33CBDA00AB5202 /* CircleButtonView.swift in Sources */ = {isa = PBXBuildFile; fileRef = C7DCFFB62D33CBDA00AB5202 /* CircleButtonView.swift */; };
		C7DCFFB92D34161500AB5202 /* CircleButtonAnimationView.swift in Sources */ = {isa = PBXBuildFile; fileRef = C7DCFFB82D34161500AB5202 /* CircleButtonAnimationView.swift */; };
		C7DCFFBE2D34214A00AB5202 /* CoinModel.swift in Sources */ = {isa = PBXBuildFile; fileRef = C7DCFFBD2D34214A00AB5202 /* CoinModel.swift */; };
/* End PBXBuildFile section */

/* Begin PBXContainerItemProxy section */
		C71A6F492D30119500D25974 /* PBXContainerItemProxy */ = {
			isa = PBXContainerItemProxy;
			containerPortal = C71A6F2B2D30119300D25974 /* Project object */;
			proxyType = 1;
			remoteGlobalIDString = C71A6F322D30119300D25974;
			remoteInfo = CrptoAPP;
		};
		C71A6F532D30119500D25974 /* PBXContainerItemProxy */ = {
			isa = PBXContainerItemProxy;
			containerPortal = C71A6F2B2D30119300D25974 /* Project object */;
			proxyType = 1;
			remoteGlobalIDString = C71A6F322D30119300D25974;
			remoteInfo = CrptoAPP;
		};
/* End PBXContainerItemProxy section */

/* Begin PBXFileReference section */
		C71A6F332D30119300D25974 /* CrptoAPP.app */ = {isa = PBXFileReference; explicitFileType = wrapper.application; includeInIndex = 0; path = CrptoAPP.app; sourceTree = BUILT_PRODUCTS_DIR; };
		C71A6F362D30119300D25974 /* CrptoAPPApp.swift */ = {isa = PBXFileReference; lastKnownFileType = sourcecode.swift; path = CrptoAPPApp.swift; sourceTree = "<group>"; };
		C71A6F382D30119300D25974 /* ContentView.swift */ = {isa = PBXFileReference; lastKnownFileType = sourcecode.swift; path = ContentView.swift; sourceTree = "<group>"; };
		C71A6F3A2D30119500D25974 /* Assets.xcassets */ = {isa = PBXFileReference; lastKnownFileType = folder.assetcatalog; path = Assets.xcassets; sourceTree = "<group>"; };
		C71A6F3D2D30119500D25974 /* Preview Assets.xcassets */ = {isa = PBXFileReference; lastKnownFileType = folder.assetcatalog; path = "Preview Assets.xcassets"; sourceTree = "<group>"; };
		C71A6F3F2D30119500D25974 /* Persistence.swift */ = {isa = PBXFileReference; lastKnownFileType = sourcecode.swift; path = Persistence.swift; sourceTree = "<group>"; };
		C71A6F422D30119500D25974 /* CrptoAPP.xcdatamodel */ = {isa = PBXFileReference; lastKnownFileType = wrapper.xcdatamodel; path = CrptoAPP.xcdatamodel; sourceTree = "<group>"; };
		C71A6F482D30119500D25974 /* CrptoAPPTests.xctest */ = {isa = PBXFileReference; explicitFileType = wrapper.cfbundle; includeInIndex = 0; path = CrptoAPPTests.xctest; sourceTree = BUILT_PRODUCTS_DIR; };
		C71A6F4C2D30119500D25974 /* CrptoAPPTests.swift */ = {isa = PBXFileReference; lastKnownFileType = sourcecode.swift; path = CrptoAPPTests.swift; sourceTree = "<group>"; };
		C71A6F522D30119500D25974 /* CrptoAPPUITests.xctest */ = {isa = PBXFileReference; explicitFileType = wrapper.cfbundle; includeInIndex = 0; path = CrptoAPPUITests.xctest; sourceTree = BUILT_PRODUCTS_DIR; };
		C71A6F562D30119500D25974 /* CrptoAPPUITests.swift */ = {isa = PBXFileReference; lastKnownFileType = sourcecode.swift; path = CrptoAPPUITests.swift; sourceTree = "<group>"; };
		C71A6F582D30119500D25974 /* CrptoAPPUITestsLaunchTests.swift */ = {isa = PBXFileReference; lastKnownFileType = sourcecode.swift; path = CrptoAPPUITestsLaunchTests.swift; sourceTree = "<group>"; };
		C71A6F662D319DB600D25974 /* Color.swift */ = {isa = PBXFileReference; lastKnownFileType = sourcecode.swift; path = Color.swift; sourceTree = "<group>"; };
		C71A6F6C2D31A32100D25974 /* HomeView.swift */ = {isa = PBXFileReference; lastKnownFileType = sourcecode.swift; path = HomeView.swift; sourceTree = "<group>"; };
		C7DCFFB62D33CBDA00AB5202 /* CircleButtonView.swift */ = {isa = PBXFileReference; lastKnownFileType = sourcecode.swift; path = CircleButtonView.swift; sourceTree = "<group>"; };
		C7DCFFB82D34161500AB5202 /* CircleButtonAnimationView.swift */ = {isa = PBXFileReference; lastKnownFileType = sourcecode.swift; path = CircleButtonAnimationView.swift; sourceTree = "<group>"; };
		C7DCFFBD2D34214A00AB5202 /* CoinModel.swift */ = {isa = PBXFileReference; lastKnownFileType = sourcecode.swift; path = CoinModel.swift; sourceTree = "<group>"; };
/* End PBXFileReference section */

/* Begin PBXFrameworksBuildPhase section */
		C71A6F302D30119300D25974 /* Frameworks */ = {
			isa = PBXFrameworksBuildPhase;
			buildActionMask = 2147483647;
			files = (
			);
			runOnlyForDeploymentPostprocessing = 0;
		};
		C71A6F452D30119500D25974 /* Frameworks */ = {
			isa = PBXFrameworksBuildPhase;
			buildActionMask = 2147483647;
			files = (
			);
			runOnlyForDeploymentPostprocessing = 0;
		};
		C71A6F4F2D30119500D25974 /* Frameworks */ = {
			isa = PBXFrameworksBuildPhase;
			buildActionMask = 2147483647;
			files = (
			);
			runOnlyForDeploymentPostprocessing = 0;
		};
/* End PBXFrameworksBuildPhase section */

/* Begin PBXGroup section */
		C71A6F2A2D30119300D25974 = {
			isa = PBXGroup;
			children = (
				C71A6F352D30119300D25974 /* CrptoAPP */,
				C71A6F4B2D30119500D25974 /* CrptoAPPTests */,
				C71A6F552D30119500D25974 /* CrptoAPPUITests */,
				C71A6F342D30119300D25974 /* Products */,
			);
			sourceTree = "<group>";
		};
		C71A6F342D30119300D25974 /* Products */ = {
			isa = PBXGroup;
			children = (
				C71A6F332D30119300D25974 /* CrptoAPP.app */,
				C71A6F482D30119500D25974 /* CrptoAPPTests.xctest */,
				C71A6F522D30119500D25974 /* CrptoAPPUITests.xctest */,
			);
			name = Products;
			sourceTree = "<group>";
		};
		C71A6F352D30119300D25974 /* CrptoAPP */ = {
			isa = PBXGroup;
			children = (
				C7DCFFBA2D341B1A00AB5202 /* Models */,
				C71A6F682D31A2E000D25974 /* Core */,
				C71A6F652D319D9B00D25974 /* Extension */,
				C71A6F362D30119300D25974 /* CrptoAPPApp.swift */,
				C71A6F382D30119300D25974 /* ContentView.swift */,
				C71A6F3A2D30119500D25974 /* Assets.xcassets */,
				C71A6F3F2D30119500D25974 /* Persistence.swift */,
				C71A6F412D30119500D25974 /* CrptoAPP.xcdatamodeld */,
				C71A6F3C2D30119500D25974 /* Preview Content */,
			);
			path = CrptoAPP;
			sourceTree = "<group>";
		};
		C71A6F3C2D30119500D25974 /* Preview Content */ = {
			isa = PBXGroup;
			children = (
				C71A6F3D2D30119500D25974 /* Preview Assets.xcassets */,
			);
			path = "Preview Content";
			sourceTree = "<group>";
		};
		C71A6F4B2D30119500D25974 /* CrptoAPPTests */ = {
			isa = PBXGroup;
			children = (
				C71A6F4C2D30119500D25974 /* CrptoAPPTests.swift */,
			);
			path = CrptoAPPTests;
			sourceTree = "<group>";
		};
		C71A6F552D30119500D25974 /* CrptoAPPUITests */ = {
			isa = PBXGroup;
			children = (
				C71A6F562D30119500D25974 /* CrptoAPPUITests.swift */,
				C71A6F582D30119500D25974 /* CrptoAPPUITestsLaunchTests.swift */,
			);
			path = CrptoAPPUITests;
			sourceTree = "<group>";
		};
		C71A6F652D319D9B00D25974 /* Extension */ = {
			isa = PBXGroup;
			children = (
				C71A6F662D319DB600D25974 /* Color.swift */,
			);
			path = Extension;
			sourceTree = "<group>";
		};
		C71A6F682D31A2E000D25974 /* Core */ = {
			isa = PBXGroup;
			children = (
				C7DCFFB42D33CBAA00AB5202 /* Component */,
				C71A6F692D31A2E900D25974 /* Home */,
			);
			path = Core;
			sourceTree = "<group>";
		};
		C71A6F692D31A2E900D25974 /* Home */ = {
			isa = PBXGroup;
			children = (
				C71A6F6B2D31A2FB00D25974 /* ViewModel */,
				C71A6F6A2D31A2F100D25974 /* View */,
			);
			path = Home;
			sourceTree = "<group>";
		};
		C71A6F6A2D31A2F100D25974 /* View */ = {
			isa = PBXGroup;
			children = (
			);
			path = View;
			sourceTree = "<group>";
		};
		C71A6F6B2D31A2FB00D25974 /* ViewModel */ = {
			isa = PBXGroup;
			children = (
				C71A6F6C2D31A32100D25974 /* HomeView.swift */,
			);
			path = ViewModel;
			sourceTree = "<group>";
		};
		C7DCFFB42D33CBAA00AB5202 /* Component */ = {
			isa = PBXGroup;
			children = (
				C7DCFFB52D33CBBC00AB5202 /* CircleButton */,
			);
			path = Component;
			sourceTree = "<group>";
		};
		C7DCFFB52D33CBBC00AB5202 /* CircleButton */ = {
			isa = PBXGroup;
			children = (
				C7DCFFB62D33CBDA00AB5202 /* CircleButtonView.swift */,
				C7DCFFB82D34161500AB5202 /* CircleButtonAnimationView.swift */,
			);
			path = CircleButton;
			sourceTree = "<group>";
		};
		C7DCFFBA2D341B1A00AB5202 /* Models */ = {
			isa = PBXGroup;
			children = (
				C7DCFFBD2D34214A00AB5202 /* CoinModel.swift */,
			);
			path = Models;
			sourceTree = "<group>";
		};
/* End PBXGroup section */

/* Begin PBXNativeTarget section */
		C71A6F322D30119300D25974 /* CrptoAPP */ = {
			isa = PBXNativeTarget;
			buildConfigurationList = C71A6F5C2D30119500D25974 /* Build configuration list for PBXNativeTarget "CrptoAPP" */;
			buildPhases = (
				C71A6F2F2D30119300D25974 /* Sources */,
				C71A6F302D30119300D25974 /* Frameworks */,
				C71A6F312D30119300D25974 /* Resources */,
			);
			buildRules = (
			);
			dependencies = (
			);
			name = CrptoAPP;
			productName = CrptoAPP;
			productReference = C71A6F332D30119300D25974 /* CrptoAPP.app */;
			productType = "com.apple.product-type.application";
		};
		C71A6F472D30119500D25974 /* CrptoAPPTests */ = {
			isa = PBXNativeTarget;
			buildConfigurationList = C71A6F5F2D30119500D25974 /* Build configuration list for PBXNativeTarget "CrptoAPPTests" */;
			buildPhases = (
				C71A6F442D30119500D25974 /* Sources */,
				C71A6F452D30119500D25974 /* Frameworks */,
				C71A6F462D30119500D25974 /* Resources */,
			);
			buildRules = (
			);
			dependencies = (
				C71A6F4A2D30119500D25974 /* PBXTargetDependency */,
			);
			name = CrptoAPPTests;
			productName = CrptoAPPTests;
			productReference = C71A6F482D30119500D25974 /* CrptoAPPTests.xctest */;
			productType = "com.apple.product-type.bundle.unit-test";
		};
		C71A6F512D30119500D25974 /* CrptoAPPUITests */ = {
			isa = PBXNativeTarget;
			buildConfigurationList = C71A6F622D30119500D25974 /* Build configuration list for PBXNativeTarget "CrptoAPPUITests" */;
			buildPhases = (
				C71A6F4E2D30119500D25974 /* Sources */,
				C71A6F4F2D30119500D25974 /* Frameworks */,
				C71A6F502D30119500D25974 /* Resources */,
			);
			buildRules = (
			);
			dependencies = (
				C71A6F542D30119500D25974 /* PBXTargetDependency */,
			);
			name = CrptoAPPUITests;
			productName = CrptoAPPUITests;
			productReference = C71A6F522D30119500D25974 /* CrptoAPPUITests.xctest */;
			productType = "com.apple.product-type.bundle.ui-testing";
		};
/* End PBXNativeTarget section */

/* Begin PBXProject section */
		C71A6F2B2D30119300D25974 /* Project object */ = {
			isa = PBXProject;
			attributes = {
				BuildIndependentTargetsInParallel = 1;
				LastSwiftUpdateCheck = 1540;
				LastUpgradeCheck = 1540;
				TargetAttributes = {
					C71A6F322D30119300D25974 = {
						CreatedOnToolsVersion = 15.4;
					};
					C71A6F472D30119500D25974 = {
						CreatedOnToolsVersion = 15.4;
						TestTargetID = C71A6F322D30119300D25974;
					};
					C71A6F512D30119500D25974 = {
						CreatedOnToolsVersion = 15.4;
						TestTargetID = C71A6F322D30119300D25974;
					};
				};
			};
			buildConfigurationList = C71A6F2E2D30119300D25974 /* Build configuration list for PBXProject "CrptoAPP" */;
			compatibilityVersion = "Xcode 14.0";
			developmentRegion = en;
			hasScannedForEncodings = 0;
			knownRegions = (
				en,
				Base,
			);
			mainGroup = C71A6F2A2D30119300D25974;
			productRefGroup = C71A6F342D30119300D25974 /* Products */;
			projectDirPath = "";
			projectRoot = "";
			targets = (
				C71A6F322D30119300D25974 /* CrptoAPP */,
				C71A6F472D30119500D25974 /* CrptoAPPTests */,
				C71A6F512D30119500D25974 /* CrptoAPPUITests */,
			);
		};
/* End PBXProject section */

/* Begin PBXResourcesBuildPhase section */
		C71A6F312D30119300D25974 /* Resources */ = {
			isa = PBXResourcesBuildPhase;
			buildActionMask = 2147483647;
			files = (
				C71A6F3E2D30119500D25974 /* Preview Assets.xcassets in Resources */,
				C71A6F3B2D30119500D25974 /* Assets.xcassets in Resources */,
			);
			runOnlyForDeploymentPostprocessing = 0;
		};
		C71A6F462D30119500D25974 /* Resources */ = {
			isa = PBXResourcesBuildPhase;
			buildActionMask = 2147483647;
			files = (
			);
			runOnlyForDeploymentPostprocessing = 0;
		};
		C71A6F502D30119500D25974 /* Resources */ = {
			isa = PBXResourcesBuildPhase;
			buildActionMask = 2147483647;
			files = (
			);
			runOnlyForDeploymentPostprocessing = 0;
		};
/* End PBXResourcesBuildPhase section */

/* Begin PBXSourcesBuildPhase section */
		C71A6F2F2D30119300D25974 /* Sources */ = {
			isa = PBXSourcesBuildPhase;
			buildActionMask = 2147483647;
			files = (
				C71A6F402D30119500D25974 /* Persistence.swift in Sources */,
				C71A6F392D30119300D25974 /* ContentView.swift in Sources */,
				C7DCFFB72D33CBDA00AB5202 /* CircleButtonView.swift in Sources */,
				C7DCFFB92D34161500AB5202 /* CircleButtonAnimationView.swift in Sources */,
				C71A6F432D30119500D25974 /* CrptoAPP.xcdatamodeld in Sources */,
				C71A6F6D2D31A32100D25974 /* HomeView.swift in Sources */,
				C71A6F672D319DB600D25974 /* Color.swift in Sources */,
				C7DCFFBE2D34214A00AB5202 /* CoinModel.swift in Sources */,
				C71A6F372D30119300D25974 /* CrptoAPPApp.swift in Sources */,
			);
			runOnlyForDeploymentPostprocessing = 0;
		};
		C71A6F442D30119500D25974 /* Sources */ = {
			isa = PBXSourcesBuildPhase;
			buildActionMask = 2147483647;
			files = (
				C71A6F4D2D30119500D25974 /* CrptoAPPTests.swift in Sources */,
			);
			runOnlyForDeploymentPostprocessing = 0;
		};
		C71A6F4E2D30119500D25974 /* Sources */ = {
			isa = PBXSourcesBuildPhase;
			buildActionMask = 2147483647;
			files = (
				C71A6F592D30119500D25974 /* CrptoAPPUITestsLaunchTests.swift in Sources */,
				C71A6F572D30119500D25974 /* CrptoAPPUITests.swift in Sources */,
			);
			runOnlyForDeploymentPostprocessing = 0;
		};
/* End PBXSourcesBuildPhase section */

/* Begin PBXTargetDependency section */
		C71A6F4A2D30119500D25974 /* PBXTargetDependency */ = {
			isa = PBXTargetDependency;
			target = C71A6F322D30119300D25974 /* CrptoAPP */;
			targetProxy = C71A6F492D30119500D25974 /* PBXContainerItemProxy */;
		};
		C71A6F542D30119500D25974 /* PBXTargetDependency */ = {
			isa = PBXTargetDependency;
			target = C71A6F322D30119300D25974 /* CrptoAPP */;
			targetProxy = C71A6F532D30119500D25974 /* PBXContainerItemProxy */;
		};
/* End PBXTargetDependency section */

/* Begin XCBuildConfiguration section */
		C71A6F5A2D30119500D25974 /* Debug */ = {
			isa = XCBuildConfiguration;
			buildSettings = {
				ALWAYS_SEARCH_USER_PATHS = NO;
				ASSETCATALOG_COMPILER_GENERATE_SWIFT_ASSET_SYMBOL_EXTENSIONS = YES;
				CLANG_ANALYZER_NONNULL = YES;
				CLANG_ANALYZER_NUMBER_OBJECT_CONVERSION = YES_AGGRESSIVE;
				CLANG_CXX_LANGUAGE_STANDARD = "gnu++20";
				CLANG_ENABLE_MODULES = YES;
				CLANG_ENABLE_OBJC_ARC = YES;
				CLANG_ENABLE_OBJC_WEAK = YES;
				CLANG_WARN_BLOCK_CAPTURE_AUTORELEASING = YES;
				CLANG_WARN_BOOL_CONVERSION = YES;
				CLANG_WARN_COMMA = YES;
				CLANG_WARN_CONSTANT_CONVERSION = YES;
				CLANG_WARN_DEPRECATED_OBJC_IMPLEMENTATIONS = YES;
				CLANG_WARN_DIRECT_OBJC_ISA_USAGE = YES_ERROR;
				CLANG_WARN_DOCUMENTATION_COMMENTS = YES;
				CLANG_WARN_EMPTY_BODY = YES;
				CLANG_WARN_ENUM_CONVERSION = YES;
				CLANG_WARN_INFINITE_RECURSION = YES;
				CLANG_WARN_INT_CONVERSION = YES;
				CLANG_WARN_NON_LITERAL_NULL_CONVERSION = YES;
				CLANG_WARN_OBJC_IMPLICIT_RETAIN_SELF = YES;
				CLANG_WARN_OBJC_LITERAL_CONVERSION = YES;
				CLANG_WARN_OBJC_ROOT_CLASS = YES_ERROR;
				CLANG_WARN_QUOTED_INCLUDE_IN_FRAMEWORK_HEADER = YES;
				CLANG_WARN_RANGE_LOOP_ANALYSIS = YES;
				CLANG_WARN_STRICT_PROTOTYPES = YES;
				CLANG_WARN_SUSPICIOUS_MOVE = YES;
				CLANG_WARN_UNGUARDED_AVAILABILITY = YES_AGGRESSIVE;
				CLANG_WARN_UNREACHABLE_CODE = YES;
				CLANG_WARN__DUPLICATE_METHOD_MATCH = YES;
				COPY_PHASE_STRIP = NO;
				DEBUG_INFORMATION_FORMAT = dwarf;
				ENABLE_STRICT_OBJC_MSGSEND = YES;
				ENABLE_TESTABILITY = YES;
				ENABLE_USER_SCRIPT_SANDBOXING = YES;
				GCC_C_LANGUAGE_STANDARD = gnu17;
				GCC_DYNAMIC_NO_PIC = NO;
				GCC_NO_COMMON_BLOCKS = YES;
				GCC_OPTIMIZATION_LEVEL = 0;
				GCC_PREPROCESSOR_DEFINITIONS = (
					"DEBUG=1",
					"$(inherited)",
				);
				GCC_WARN_64_TO_32_BIT_CONVERSION = YES;
				GCC_WARN_ABOUT_RETURN_TYPE = YES_ERROR;
				GCC_WARN_UNDECLARED_SELECTOR = YES;
				GCC_WARN_UNINITIALIZED_AUTOS = YES_AGGRESSIVE;
				GCC_WARN_UNUSED_FUNCTION = YES;
				GCC_WARN_UNUSED_VARIABLE = YES;
				IPHONEOS_DEPLOYMENT_TARGET = 17.5;
				LOCALIZATION_PREFERS_STRING_CATALOGS = YES;
				MTL_ENABLE_DEBUG_INFO = INCLUDE_SOURCE;
				MTL_FAST_MATH = YES;
				ONLY_ACTIVE_ARCH = YES;
				SDKROOT = iphoneos;
				SWIFT_ACTIVE_COMPILATION_CONDITIONS = "DEBUG $(inherited)";
				SWIFT_OPTIMIZATION_LEVEL = "-Onone";
			};
			name = Debug;
		};
		C71A6F5B2D30119500D25974 /* Release */ = {
			isa = XCBuildConfiguration;
			buildSettings = {
				ALWAYS_SEARCH_USER_PATHS = NO;
				ASSETCATALOG_COMPILER_GENERATE_SWIFT_ASSET_SYMBOL_EXTENSIONS = YES;
				CLANG_ANALYZER_NONNULL = YES;
				CLANG_ANALYZER_NUMBER_OBJECT_CONVERSION = YES_AGGRESSIVE;
				CLANG_CXX_LANGUAGE_STANDARD = "gnu++20";
				CLANG_ENABLE_MODULES = YES;
				CLANG_ENABLE_OBJC_ARC = YES;
				CLANG_ENABLE_OBJC_WEAK = YES;
				CLANG_WARN_BLOCK_CAPTURE_AUTORELEASING = YES;
				CLANG_WARN_BOOL_CONVERSION = YES;
				CLANG_WARN_COMMA = YES;
				CLANG_WARN_CONSTANT_CONVERSION = YES;
				CLANG_WARN_DEPRECATED_OBJC_IMPLEMENTATIONS = YES;
				CLANG_WARN_DIRECT_OBJC_ISA_USAGE = YES_ERROR;
				CLANG_WARN_DOCUMENTATION_COMMENTS = YES;
				CLANG_WARN_EMPTY_BODY = YES;
				CLANG_WARN_ENUM_CONVERSION = YES;
				CLANG_WARN_INFINITE_RECURSION = YES;
				CLANG_WARN_INT_CONVERSION = YES;
				CLANG_WARN_NON_LITERAL_NULL_CONVERSION = YES;
				CLANG_WARN_OBJC_IMPLICIT_RETAIN_SELF = YES;
				CLANG_WARN_OBJC_LITERAL_CONVERSION = YES;
				CLANG_WARN_OBJC_ROOT_CLASS = YES_ERROR;
				CLANG_WARN_QUOTED_INCLUDE_IN_FRAMEWORK_HEADER = YES;
				CLANG_WARN_RANGE_LOOP_ANALYSIS = YES;
				CLANG_WARN_STRICT_PROTOTYPES = YES;
				CLANG_WARN_SUSPICIOUS_MOVE = YES;
				CLANG_WARN_UNGUARDED_AVAILABILITY = YES_AGGRESSIVE;
				CLANG_WARN_UNREACHABLE_CODE = YES;
				CLANG_WARN__DUPLICATE_METHOD_MATCH = YES;
				COPY_PHASE_STRIP = NO;
				DEBUG_INFORMATION_FORMAT = "dwarf-with-dsym";
				ENABLE_NS_ASSERTIONS = NO;
				ENABLE_STRICT_OBJC_MSGSEND = YES;
				ENABLE_USER_SCRIPT_SANDBOXING = YES;
				GCC_C_LANGUAGE_STANDARD = gnu17;
				GCC_NO_COMMON_BLOCKS = YES;
				GCC_WARN_64_TO_32_BIT_CONVERSION = YES;
				GCC_WARN_ABOUT_RETURN_TYPE = YES_ERROR;
				GCC_WARN_UNDECLARED_SELECTOR = YES;
				GCC_WARN_UNINITIALIZED_AUTOS = YES_AGGRESSIVE;
				GCC_WARN_UNUSED_FUNCTION = YES;
				GCC_WARN_UNUSED_VARIABLE = YES;
				IPHONEOS_DEPLOYMENT_TARGET = 17.5;
				LOCALIZATION_PREFERS_STRING_CATALOGS = YES;
				MTL_ENABLE_DEBUG_INFO = NO;
				MTL_FAST_MATH = YES;
				SDKROOT = iphoneos;
				SWIFT_COMPILATION_MODE = wholemodule;
				VALIDATE_PRODUCT = YES;
			};
			name = Release;
		};
		C71A6F5D2D30119500D25974 /* Debug */ = {
			isa = XCBuildConfiguration;
			buildSettings = {
				ASSETCATALOG_COMPILER_APPICON_NAME = AppIcon;
				ASSETCATALOG_COMPILER_GLOBAL_ACCENT_COLOR_NAME = AccentColor;
				CODE_SIGN_STYLE = Automatic;
				CURRENT_PROJECT_VERSION = 1;
				DEVELOPMENT_ASSET_PATHS = "\"CrptoAPP/Preview Content\"";
				DEVELOPMENT_TEAM = NKZD2ANCX8;
				ENABLE_PREVIEWS = YES;
				GENERATE_INFOPLIST_FILE = YES;
				INFOPLIST_KEY_UIApplicationSceneManifest_Generation = YES;
				INFOPLIST_KEY_UIApplicationSupportsIndirectInputEvents = YES;
				INFOPLIST_KEY_UILaunchScreen_Generation = YES;
				INFOPLIST_KEY_UISupportedInterfaceOrientations_iPad = "UIInterfaceOrientationPortrait UIInterfaceOrientationPortraitUpsideDown UIInterfaceOrientationLandscapeLeft UIInterfaceOrientationLandscapeRight";
				INFOPLIST_KEY_UISupportedInterfaceOrientations_iPhone = "UIInterfaceOrientationPortrait UIInterfaceOrientationLandscapeLeft UIInterfaceOrientationLandscapeRight";
				LD_RUNPATH_SEARCH_PATHS = (
					"$(inherited)",
					"@executable_path/Frameworks",
				);
				MARKETING_VERSION = 1.0;
				PRODUCT_BUNDLE_IDENTIFIER = com.abhay.ios.CrptoAPP;
				PRODUCT_NAME = "$(TARGET_NAME)";
				SWIFT_EMIT_LOC_STRINGS = YES;
				SWIFT_VERSION = 5.0;
				TARGETED_DEVICE_FAMILY = "1,2";
			};
			name = Debug;
		};
		C71A6F5E2D30119500D25974 /* Release */ = {
			isa = XCBuildConfiguration;
			buildSettings = {
				ASSETCATALOG_COMPILER_APPICON_NAME = AppIcon;
				ASSETCATALOG_COMPILER_GLOBAL_ACCENT_COLOR_NAME = AccentColor;
				CODE_SIGN_STYLE = Automatic;
				CURRENT_PROJECT_VERSION = 1;
				DEVELOPMENT_ASSET_PATHS = "\"CrptoAPP/Preview Content\"";
				DEVELOPMENT_TEAM = NKZD2ANCX8;
				ENABLE_PREVIEWS = YES;
				GENERATE_INFOPLIST_FILE = YES;
				INFOPLIST_KEY_UIApplicationSceneManifest_Generation = YES;
				INFOPLIST_KEY_UIApplicationSupportsIndirectInputEvents = YES;
				INFOPLIST_KEY_UILaunchScreen_Generation = YES;
				INFOPLIST_KEY_UISupportedInterfaceOrientations_iPad = "UIInterfaceOrientationPortrait UIInterfaceOrientationPortraitUpsideDown UIInterfaceOrientationLandscapeLeft UIInterfaceOrientationLandscapeRight";
				INFOPLIST_KEY_UISupportedInterfaceOrientations_iPhone = "UIInterfaceOrientationPortrait UIInterfaceOrientationLandscapeLeft UIInterfaceOrientationLandscapeRight";
				LD_RUNPATH_SEARCH_PATHS = (
					"$(inherited)",
					"@executable_path/Frameworks",
				);
				MARKETING_VERSION = 1.0;
				PRODUCT_BUNDLE_IDENTIFIER = com.abhay.ios.CrptoAPP;
				PRODUCT_NAME = "$(TARGET_NAME)";
				SWIFT_EMIT_LOC_STRINGS = YES;
				SWIFT_VERSION = 5.0;
				TARGETED_DEVICE_FAMILY = "1,2";
			};
			name = Release;
		};
		C71A6F602D30119500D25974 /* Debug */ = {
			isa = XCBuildConfiguration;
			buildSettings = {
				ALWAYS_EMBED_SWIFT_STANDARD_LIBRARIES = YES;
				BUNDLE_LOADER = "$(TEST_HOST)";
				CODE_SIGN_STYLE = Automatic;
				CURRENT_PROJECT_VERSION = 1;
				DEVELOPMENT_TEAM = NKZD2ANCX8;
				GENERATE_INFOPLIST_FILE = YES;
				IPHONEOS_DEPLOYMENT_TARGET = 17.5;
				MARKETING_VERSION = 1.0;
				PRODUCT_BUNDLE_IDENTIFIER = com.abhay.ios.CrptoAPPTests;
				PRODUCT_NAME = "$(TARGET_NAME)";
				SWIFT_EMIT_LOC_STRINGS = NO;
				SWIFT_VERSION = 5.0;
				TARGETED_DEVICE_FAMILY = "1,2";
				TEST_HOST = "$(BUILT_PRODUCTS_DIR)/CrptoAPP.app/$(BUNDLE_EXECUTABLE_FOLDER_PATH)/CrptoAPP";
			};
			name = Debug;
		};
		C71A6F612D30119500D25974 /* Release */ = {
			isa = XCBuildConfiguration;
			buildSettings = {
				ALWAYS_EMBED_SWIFT_STANDARD_LIBRARIES = YES;
				BUNDLE_LOADER = "$(TEST_HOST)";
				CODE_SIGN_STYLE = Automatic;
				CURRENT_PROJECT_VERSION = 1;
				DEVELOPMENT_TEAM = NKZD2ANCX8;
				GENERATE_INFOPLIST_FILE = YES;
				IPHONEOS_DEPLOYMENT_TARGET = 17.5;
				MARKETING_VERSION = 1.0;
				PRODUCT_BUNDLE_IDENTIFIER = com.abhay.ios.CrptoAPPTests;
				PRODUCT_NAME = "$(TARGET_NAME)";
				SWIFT_EMIT_LOC_STRINGS = NO;
				SWIFT_VERSION = 5.0;
				TARGETED_DEVICE_FAMILY = "1,2";
				TEST_HOST = "$(BUILT_PRODUCTS_DIR)/CrptoAPP.app/$(BUNDLE_EXECUTABLE_FOLDER_PATH)/CrptoAPP";
			};
			name = Release;
		};
		C71A6F632D30119500D25974 /* Debug */ = {
			isa = XCBuildConfiguration;
			buildSettings = {
				ALWAYS_EMBED_SWIFT_STANDARD_LIBRARIES = YES;
				CODE_SIGN_STYLE = Automatic;
				CURRENT_PROJECT_VERSION = 1;
				DEVELOPMENT_TEAM = NKZD2ANCX8;
				GENERATE_INFOPLIST_FILE = YES;
				MARKETING_VERSION = 1.0;
				PRODUCT_BUNDLE_IDENTIFIER = com.abhay.ios.CrptoAPPUITests;
				PRODUCT_NAME = "$(TARGET_NAME)";
				SWIFT_EMIT_LOC_STRINGS = NO;
				SWIFT_VERSION = 5.0;
				TARGETED_DEVICE_FAMILY = "1,2";
				TEST_TARGET_NAME = CrptoAPP;
			};
			name = Debug;
		};
		C71A6F642D30119500D25974 /* Release */ = {
			isa = XCBuildConfiguration;
			buildSettings = {
				ALWAYS_EMBED_SWIFT_STANDARD_LIBRARIES = YES;
				CODE_SIGN_STYLE = Automatic;
				CURRENT_PROJECT_VERSION = 1;
				DEVELOPMENT_TEAM = NKZD2ANCX8;
				GENERATE_INFOPLIST_FILE = YES;
				MARKETING_VERSION = 1.0;
				PRODUCT_BUNDLE_IDENTIFIER = com.abhay.ios.CrptoAPPUITests;
				PRODUCT_NAME = "$(TARGET_NAME)";
				SWIFT_EMIT_LOC_STRINGS = NO;
				SWIFT_VERSION = 5.0;
				TARGETED_DEVICE_FAMILY = "1,2";
				TEST_TARGET_NAME = CrptoAPP;
			};
			name = Release;
		};
/* End XCBuildConfiguration section */

/* Begin XCConfigurationList section */
		C71A6F2E2D30119300D25974 /* Build configuration list for PBXProject "CrptoAPP" */ = {
			isa = XCConfigurationList;
			buildConfigurations = (
				C71A6F5A2D30119500D25974 /* Debug */,
				C71A6F5B2D30119500D25974 /* Release */,
			);
			defaultConfigurationIsVisible = 0;
			defaultConfigurationName = Release;
		};
		C71A6F5C2D30119500D25974 /* Build configuration list for PBXNativeTarget "CrptoAPP" */ = {
			isa = XCConfigurationList;
			buildConfigurations = (
				C71A6F5D2D30119500D25974 /* Debug */,
				C71A6F5E2D30119500D25974 /* Release */,
			);
			defaultConfigurationIsVisible = 0;
			defaultConfigurationName = Release;
		};
		C71A6F5F2D30119500D25974 /* Build configuration list for PBXNativeTarget "CrptoAPPTests" */ = {
			isa = XCConfigurationList;
			buildConfigurations = (
				C71A6F602D30119500D25974 /* Debug */,
				C71A6F612D30119500D25974 /* Release */,
			);
			defaultConfigurationIsVisible = 0;
			defaultConfigurationName = Release;
		};
		C71A6F622D30119500D25974 /* Build configuration list for PBXNativeTarget "CrptoAPPUITests" */ = {
			isa = XCConfigurationList;
			buildConfigurations = (
				C71A6F632D30119500D25974 /* Debug */,
				C71A6F642D30119500D25974 /* Release */,
			);
			defaultConfigurationIsVisible = 0;
			defaultConfigurationName = Release;
		};
/* End XCConfigurationList section */

/* Begin XCVersionGroup section */
		C71A6F412D30119500D25974 /* CrptoAPP.xcdatamodeld */ = {
			isa = XCVersionGroup;
			children = (
				C71A6F422D30119500D25974 /* CrptoAPP.xcdatamodel */,
			);
			currentVersion = C71A6F422D30119500D25974 /* CrptoAPP.xcdatamodel */;
			path = CrptoAPP.xcdatamodeld;
			sourceTree = "<group>";
			versionGroupType = wrapper.xcdatamodel;
		};
/* End XCVersionGroup section */
	};
	rootObject = C71A6F2B2D30119300D25974 /* Project object */;
}
